// !$*UTF8*$!
{
	archiveVersion = 1;
	classes = {
	};
	objectVersion = 50;
	objects = {

/* Begin PBXBuildFile section */
		D92F168F25E2BE0E0022087D /* main.m in Sources */ = {isa = PBXBuildFile; fileRef = D92F168E25E2BE0E0022087D /* main.m */; };
		D92F169F25E2CD780022087D /* cloc.pl in CopyFiles */ = {isa = PBXBuildFile; fileRef = D92F169C25E2C8690022087D /* cloc.pl */; };
		D96F80E52BA9F23E00B13946 /* AreaChart.swift in Sources */ = {isa = PBXBuildFile; fileRef = D96F80E42BA9F23E00B13946 /* AreaChart.swift */; };
		D978267D25D95B3B0097766C /* RepoBuilder.swift in Sources */ = {isa = PBXBuildFile; fileRef = D978267C25D95B3B0097766C /* RepoBuilder.swift */; };
		D998B74A25BDD5B700207410 /* StatsApp.swift in Sources */ = {isa = PBXBuildFile; fileRef = D998B74925BDD5B700207410 /* StatsApp.swift */; };
		D998B74C25BDD5B700207410 /* ContentView.swift in Sources */ = {isa = PBXBuildFile; fileRef = D998B74B25BDD5B700207410 /* ContentView.swift */; };
		D998B74E25BDD5B800207410 /* Assets.xcassets in Resources */ = {isa = PBXBuildFile; fileRef = D998B74D25BDD5B800207410 /* Assets.xcassets */; };
		D998B75125BDD5B800207410 /* Preview Assets.xcassets in Resources */ = {isa = PBXBuildFile; fileRef = D998B75025BDD5B800207410 /* Preview Assets.xcassets */; };
		D998B76B25BDDA2B00207410 /* RepoDetail.swift in Sources */ = {isa = PBXBuildFile; fileRef = D998B76A25BDDA2B00207410 /* RepoDetail.swift */; };
		D998B76E25BDDC2400207410 /* RepoRow.swift in Sources */ = {isa = PBXBuildFile; fileRef = D998B76D25BDDC2400207410 /* RepoRow.swift */; };
		D998B77125BDE50900207410 /* RepoStorage.swift in Sources */ = {isa = PBXBuildFile; fileRef = D998B77025BDE50900207410 /* RepoStorage.swift */; };
		D998B77425BDEA1C00207410 /* AddView.swift in Sources */ = {isa = PBXBuildFile; fileRef = D998B77325BDEA1C00207410 /* AddView.swift */; };
/* End PBXBuildFile section */

/* Begin PBXCopyFilesBuildPhase section */
		D92F168A25E2BE0E0022087D /* CopyFiles */ = {
			isa = PBXCopyFilesBuildPhase;
			buildActionMask = 2147483647;
			dstPath = /usr/share/man/man1/;
			dstSubfolderSpec = 0;
			files = (
				D92F169F25E2CD780022087D /* cloc.pl in CopyFiles */,
			);
			runOnlyForDeploymentPostprocessing = 1;
		};
/* End PBXCopyFilesBuildPhase section */

/* Begin PBXFileReference section */
		D92F168C25E2BE0E0022087D /* StatsTool */ = {isa = PBXFileReference; explicitFileType = "compiled.mach-o.executable"; includeInIndex = 0; path = StatsTool; sourceTree = BUILT_PRODUCTS_DIR; };
		D92F168E25E2BE0E0022087D /* main.m */ = {isa = PBXFileReference; lastKnownFileType = sourcecode.c.objc; path = main.m; sourceTree = "<group>"; };
		D92F169C25E2C8690022087D /* cloc.pl */ = {isa = PBXFileReference; fileEncoding = 4; lastKnownFileType = text.script.perl; path = cloc.pl; sourceTree = "<group>"; };
		D96F80E42BA9F23E00B13946 /* AreaChart.swift */ = {isa = PBXFileReference; lastKnownFileType = sourcecode.swift; path = AreaChart.swift; sourceTree = "<group>"; };
		D978267C25D95B3B0097766C /* RepoBuilder.swift */ = {isa = PBXFileReference; lastKnownFileType = sourcecode.swift; path = RepoBuilder.swift; sourceTree = "<group>"; };
		D998B74625BDD5B700207410 /* Stats.app */ = {isa = PBXFileReference; explicitFileType = wrapper.application; includeInIndex = 0; path = Stats.app; sourceTree = BUILT_PRODUCTS_DIR; };
		D998B74925BDD5B700207410 /* StatsApp.swift */ = {isa = PBXFileReference; lastKnownFileType = sourcecode.swift; path = StatsApp.swift; sourceTree = "<group>"; };
		D998B74B25BDD5B700207410 /* ContentView.swift */ = {isa = PBXFileReference; lastKnownFileType = sourcecode.swift; path = ContentView.swift; sourceTree = "<group>"; };
		D998B74D25BDD5B800207410 /* Assets.xcassets */ = {isa = PBXFileReference; lastKnownFileType = folder.assetcatalog; path = Assets.xcassets; sourceTree = "<group>"; };
		D998B75025BDD5B800207410 /* Preview Assets.xcassets */ = {isa = PBXFileReference; lastKnownFileType = folder.assetcatalog; path = "Preview Assets.xcassets"; sourceTree = "<group>"; };
		D998B75225BDD5B800207410 /* Info.plist */ = {isa = PBXFileReference; lastKnownFileType = text.plist.xml; path = Info.plist; sourceTree = "<group>"; };
		D998B75325BDD5B800207410 /* Stats.entitlements */ = {isa = PBXFileReference; lastKnownFileType = text.plist.entitlements; path = Stats.entitlements; sourceTree = "<group>"; };
		D998B76A25BDDA2B00207410 /* RepoDetail.swift */ = {isa = PBXFileReference; lastKnownFileType = sourcecode.swift; path = RepoDetail.swift; sourceTree = "<group>"; };
		D998B76D25BDDC2400207410 /* RepoRow.swift */ = {isa = PBXFileReference; lastKnownFileType = sourcecode.swift; path = RepoRow.swift; sourceTree = "<group>"; };
		D998B77025BDE50900207410 /* RepoStorage.swift */ = {isa = PBXFileReference; lastKnownFileType = sourcecode.swift; path = RepoStorage.swift; sourceTree = "<group>"; };
		D998B77325BDEA1C00207410 /* AddView.swift */ = {isa = PBXFileReference; lastKnownFileType = sourcecode.swift; path = AddView.swift; sourceTree = "<group>"; };
		D9BAD5E12BAB9D6C00FACAD6 /* StatsToolDebug.entitlements */ = {isa = PBXFileReference; lastKnownFileType = text.plist.entitlements; path = StatsToolDebug.entitlements; sourceTree = "<group>"; };
/* End PBXFileReference section */

/* Begin PBXFrameworksBuildPhase section */
		D92F168925E2BE0E0022087D /* Frameworks */ = {
			isa = PBXFrameworksBuildPhase;
			buildActionMask = 2147483647;
			files = (
			);
			runOnlyForDeploymentPostprocessing = 0;
		};
		D998B74325BDD5B700207410 /* Frameworks */ = {
			isa = PBXFrameworksBuildPhase;
			buildActionMask = 2147483647;
			files = (
			);
			runOnlyForDeploymentPostprocessing = 0;
		};
/* End PBXFrameworksBuildPhase section */

/* Begin PBXGroup section */
		D92F168D25E2BE0E0022087D /* StatsTool */ = {
			isa = PBXGroup;
			children = (
				D9BAD5E12BAB9D6C00FACAD6 /* StatsToolDebug.entitlements */,
				D92F169C25E2C8690022087D /* cloc.pl */,
				D92F168E25E2BE0E0022087D /* main.m */,
			);
			path = StatsTool;
			sourceTree = "<group>";
		};
		D998B73D25BDD5B700207410 = {
			isa = PBXGroup;
			children = (
				D998B74825BDD5B700207410 /* Stats */,
				D92F168D25E2BE0E0022087D /* StatsTool */,
				D998B74725BDD5B700207410 /* Products */,
			);
			sourceTree = "<group>";
		};
		D998B74725BDD5B700207410 /* Products */ = {
			isa = PBXGroup;
			children = (
				D998B74625BDD5B700207410 /* Stats.app */,
				D92F168C25E2BE0E0022087D /* StatsTool */,
			);
			name = Products;
			sourceTree = "<group>";
		};
		D998B74825BDD5B700207410 /* Stats */ = {
			isa = PBXGroup;
			children = (
				D998B74925BDD5B700207410 /* StatsApp.swift */,
				D998B74B25BDD5B700207410 /* ContentView.swift */,
				D998B74D25BDD5B800207410 /* Assets.xcassets */,
				D998B75225BDD5B800207410 /* Info.plist */,
				D998B75325BDD5B800207410 /* Stats.entitlements */,
				D998B74F25BDD5B800207410 /* Preview Content */,
				D998B76A25BDDA2B00207410 /* RepoDetail.swift */,
				D998B76D25BDDC2400207410 /* RepoRow.swift */,
				D998B77025BDE50900207410 /* RepoStorage.swift */,
				D998B77325BDEA1C00207410 /* AddView.swift */,
				D978267C25D95B3B0097766C /* RepoBuilder.swift */,
				D96F80E42BA9F23E00B13946 /* AreaChart.swift */,
			);
			path = Stats;
			sourceTree = "<group>";
		};
		D998B74F25BDD5B800207410 /* Preview Content */ = {
			isa = PBXGroup;
			children = (
				D998B75025BDD5B800207410 /* Preview Assets.xcassets */,
			);
			path = "Preview Content";
			sourceTree = "<group>";
		};
/* End PBXGroup section */

/* Begin PBXNativeTarget section */
		D92F168B25E2BE0E0022087D /* StatsTool */ = {
			isa = PBXNativeTarget;
			buildConfigurationList = D92F169225E2BE0E0022087D /* Build configuration list for PBXNativeTarget "StatsTool" */;
			buildPhases = (
				D92F168825E2BE0E0022087D /* Sources */,
				D92F168925E2BE0E0022087D /* Frameworks */,
				D92F168A25E2BE0E0022087D /* CopyFiles */,
			);
			buildRules = (
			);
			dependencies = (
			);
			name = StatsTool;
			productName = StatsTool;
			productReference = D92F168C25E2BE0E0022087D /* StatsTool */;
			productType = "com.apple.product-type.tool";
		};
		D998B74525BDD5B700207410 /* Stats */ = {
			isa = PBXNativeTarget;
			buildConfigurationList = D998B75625BDD5B800207410 /* Build configuration list for PBXNativeTarget "Stats" */;
			buildPhases = (
				D998B74225BDD5B700207410 /* Sources */,
				D998B74325BDD5B700207410 /* Frameworks */,
				D998B74425BDD5B700207410 /* Resources */,
			);
			buildRules = (
			);
			dependencies = (
			);
			name = Stats;
			productName = Stats;
			productReference = D998B74625BDD5B700207410 /* Stats.app */;
			productType = "com.apple.product-type.application";
		};
/* End PBXNativeTarget section */

/* Begin PBXProject section */
		D998B73E25BDD5B700207410 /* Project object */ = {
			isa = PBXProject;
			attributes = {
				LastSwiftUpdateCheck = 1230;
				LastUpgradeCheck = 1400;
				TargetAttributes = {
					D92F168B25E2BE0E0022087D = {
						CreatedOnToolsVersion = 12.4;
					};
					D998B74525BDD5B700207410 = {
						CreatedOnToolsVersion = 12.3;
					};
				};
			};
			buildConfigurationList = D998B74125BDD5B700207410 /* Build configuration list for PBXProject "Stats" */;
			compatibilityVersion = "Xcode 9.3";
			developmentRegion = en;
			hasScannedForEncodings = 0;
			knownRegions = (
				en,
				Base,
			);
			mainGroup = D998B73D25BDD5B700207410;
			productRefGroup = D998B74725BDD5B700207410 /* Products */;
			projectDirPath = "";
			projectRoot = "";
			targets = (
				D998B74525BDD5B700207410 /* Stats */,
				D92F168B25E2BE0E0022087D /* StatsTool */,
			);
		};
/* End PBXProject section */

/* Begin PBXResourcesBuildPhase section */
		D998B74425BDD5B700207410 /* Resources */ = {
			isa = PBXResourcesBuildPhase;
			buildActionMask = 2147483647;
			files = (
				D998B75125BDD5B800207410 /* Preview Assets.xcassets in Resources */,
				D998B74E25BDD5B800207410 /* Assets.xcassets in Resources */,
			);
			runOnlyForDeploymentPostprocessing = 0;
		};
/* End PBXResourcesBuildPhase section */

/* Begin PBXSourcesBuildPhase section */
		D92F168825E2BE0E0022087D /* Sources */ = {
			isa = PBXSourcesBuildPhase;
			buildActionMask = 2147483647;
			files = (
				D92F168F25E2BE0E0022087D /* main.m in Sources */,
			);
			runOnlyForDeploymentPostprocessing = 0;
		};
		D998B74225BDD5B700207410 /* Sources */ = {
			isa = PBXSourcesBuildPhase;
			buildActionMask = 2147483647;
			files = (
				D998B74C25BDD5B700207410 /* ContentView.swift in Sources */,
				D998B74A25BDD5B700207410 /* StatsApp.swift in Sources */,
				D978267D25D95B3B0097766C /* RepoBuilder.swift in Sources */,
				D998B77425BDEA1C00207410 /* AddView.swift in Sources */,
				D998B76E25BDDC2400207410 /* RepoRow.swift in Sources */,
				D96F80E52BA9F23E00B13946 /* AreaChart.swift in Sources */,
				D998B77125BDE50900207410 /* RepoStorage.swift in Sources */,
				D998B76B25BDDA2B00207410 /* RepoDetail.swift in Sources */,
			);
			runOnlyForDeploymentPostprocessing = 0;
		};
/* End PBXSourcesBuildPhase section */

/* Begin XCBuildConfiguration section */
		D92F169025E2BE0E0022087D /* Debug */ = {
			isa = XCBuildConfiguration;
			buildSettings = {
				CODE_SIGN_ENTITLEMENTS = StatsTool/StatsToolDebug.entitlements;
				CODE_SIGN_IDENTITY = "-";
				CODE_SIGN_STYLE = Manual;
				DEAD_CODE_STRIPPING = YES;
				DEVELOPMENT_TEAM = "";
				"DEVELOPMENT_TEAM[sdk=macosx*]" = R76R7NWC75;
				ENABLE_HARDENED_RUNTIME = NO;
				MACOSX_DEPLOYMENT_TARGET = 13.0;
				PRODUCT_NAME = "$(TARGET_NAME)";
				PROVISIONING_PROFILE_SPECIFIER = "";
			};
			name = Debug;
		};
		D92F169125E2BE0E0022087D /* Release */ = {
			isa = XCBuildConfiguration;
			buildSettings = {
				CODE_SIGN_IDENTITY = "-";
				CODE_SIGN_STYLE = Automatic;
				DEAD_CODE_STRIPPING = YES;
				DEVELOPMENT_TEAM = AM5334753U;
				ENABLE_HARDENED_RUNTIME = YES;
				MACOSX_DEPLOYMENT_TARGET = 13.0;
				PRODUCT_NAME = "$(TARGET_NAME)";
			};
			name = Release;
		};
		D998B75425BDD5B800207410 /* Debug */ = {
			isa = XCBuildConfiguration;
			buildSettings = {
				ALWAYS_SEARCH_USER_PATHS = NO;
				CLANG_ANALYZER_NONNULL = YES;
				CLANG_ANALYZER_NUMBER_OBJECT_CONVERSION = YES_AGGRESSIVE;
				CLANG_CXX_LANGUAGE_STANDARD = "gnu++14";
				CLANG_CXX_LIBRARY = "libc++";
				CLANG_ENABLE_MODULES = YES;
				CLANG_ENABLE_OBJC_ARC = YES;
				CLANG_ENABLE_OBJC_WEAK = YES;
				CLANG_WARN_BLOCK_CAPTURE_AUTORELEASING = YES;
				CLANG_WARN_BOOL_CONVERSION = YES;
				CLANG_WARN_COMMA = YES;
				CLANG_WARN_CONSTANT_CONVERSION = YES;
				CLANG_WARN_DEPRECATED_OBJC_IMPLEMENTATIONS = YES;
				CLANG_WARN_DIRECT_OBJC_ISA_USAGE = YES_ERROR;
				CLANG_WARN_DOCUMENTATION_COMMENTS = YES;
				CLANG_WARN_EMPTY_BODY = YES;
				CLANG_WARN_ENUM_CONVERSION = YES;
				CLANG_WARN_INFINITE_RECURSION = YES;
				CLANG_WARN_INT_CONVERSION = YES;
				CLANG_WARN_NON_LITERAL_NULL_CONVERSION = YES;
				CLANG_WARN_OBJC_IMPLICIT_RETAIN_SELF = YES;
				CLANG_WARN_OBJC_LITERAL_CONVERSION = YES;
				CLANG_WARN_OBJC_ROOT_CLASS = YES_ERROR;
				CLANG_WARN_QUOTED_INCLUDE_IN_FRAMEWORK_HEADER = YES;
				CLANG_WARN_RANGE_LOOP_ANALYSIS = YES;
				CLANG_WARN_STRICT_PROTOTYPES = YES;
				CLANG_WARN_SUSPICIOUS_MOVE = YES;
				CLANG_WARN_UNGUARDED_AVAILABILITY = YES_AGGRESSIVE;
				CLANG_WARN_UNREACHABLE_CODE = YES;
				CLANG_WARN__DUPLICATE_METHOD_MATCH = YES;
				COPY_PHASE_STRIP = NO;
				DEAD_CODE_STRIPPING = YES;
				DEBUG_INFORMATION_FORMAT = dwarf;
				ENABLE_STRICT_OBJC_MSGSEND = YES;
				ENABLE_TESTABILITY = YES;
				GCC_C_LANGUAGE_STANDARD = gnu11;
				GCC_DYNAMIC_NO_PIC = NO;
				GCC_NO_COMMON_BLOCKS = YES;
				GCC_OPTIMIZATION_LEVEL = 0;
				GCC_PREPROCESSOR_DEFINITIONS = (
					"DEBUG=1",
					"$(inherited)",
				);
				GCC_WARN_64_TO_32_BIT_CONVERSION = YES;
				GCC_WARN_ABOUT_RETURN_TYPE = YES_ERROR;
				GCC_WARN_UNDECLARED_SELECTOR = YES;
				GCC_WARN_UNINITIALIZED_AUTOS = YES_AGGRESSIVE;
				GCC_WARN_UNUSED_FUNCTION = YES;
				GCC_WARN_UNUSED_VARIABLE = YES;
				MACOSX_DEPLOYMENT_TARGET = 11.0;
				MTL_ENABLE_DEBUG_INFO = INCLUDE_SOURCE;
				MTL_FAST_MATH = YES;
				ONLY_ACTIVE_ARCH = YES;
				SDKROOT = macosx;
				SWIFT_ACTIVE_COMPILATION_CONDITIONS = DEBUG;
				SWIFT_OPTIMIZATION_LEVEL = "-Onone";
			};
			name = Debug;
		};
		D998B75525BDD5B800207410 /* Release */ = {
			isa = XCBuildConfiguration;
			buildSettings = {
				ALWAYS_SEARCH_USER_PATHS = NO;
				CLANG_ANALYZER_NONNULL = YES;
				CLANG_ANALYZER_NUMBER_OBJECT_CONVERSION = YES_AGGRESSIVE;
				CLANG_CXX_LANGUAGE_STANDARD = "gnu++14";
				CLANG_CXX_LIBRARY = "libc++";
				CLANG_ENABLE_MODULES = YES;
				CLANG_ENABLE_OBJC_ARC = YES;
				CLANG_ENABLE_OBJC_WEAK = YES;
				CLANG_WARN_BLOCK_CAPTURE_AUTORELEASING = YES;
				CLANG_WARN_BOOL_CONVERSION = YES;
				CLANG_WARN_COMMA = YES;
				CLANG_WARN_CONSTANT_CONVERSION = YES;
				CLANG_WARN_DEPRECATED_OBJC_IMPLEMENTATIONS = YES;
				CLANG_WARN_DIRECT_OBJC_ISA_USAGE = YES_ERROR;
				CLANG_WARN_DOCUMENTATION_COMMENTS = YES;
				CLANG_WARN_EMPTY_BODY = YES;
				CLANG_WARN_ENUM_CONVERSION = YES;
				CLANG_WARN_INFINITE_RECURSION = YES;
				CLANG_WARN_INT_CONVERSION = YES;
				CLANG_WARN_NON_LITERAL_NULL_CONVERSION = YES;
				CLANG_WARN_OBJC_IMPLICIT_RETAIN_SELF = YES;
				CLANG_WARN_OBJC_LITERAL_CONVERSION = YES;
				CLANG_WARN_OBJC_ROOT_CLASS = YES_ERROR;
				CLANG_WARN_QUOTED_INCLUDE_IN_FRAMEWORK_HEADER = YES;
				CLANG_WARN_RANGE_LOOP_ANALYSIS = YES;
				CLANG_WARN_STRICT_PROTOTYPES = YES;
				CLANG_WARN_SUSPICIOUS_MOVE = YES;
				CLANG_WARN_UNGUARDED_AVAILABILITY = YES_AGGRESSIVE;
				CLANG_WARN_UNREACHABLE_CODE = YES;
				CLANG_WARN__DUPLICATE_METHOD_MATCH = YES;
				COPY_PHASE_STRIP = NO;
				DEAD_CODE_STRIPPING = YES;
				DEBUG_INFORMATION_FORMAT = "dwarf-with-dsym";
				ENABLE_NS_ASSERTIONS = NO;
				ENABLE_STRICT_OBJC_MSGSEND = YES;
				GCC_C_LANGUAGE_STANDARD = gnu11;
				GCC_NO_COMMON_BLOCKS = YES;
				GCC_WARN_64_TO_32_BIT_CONVERSION = YES;
				GCC_WARN_ABOUT_RETURN_TYPE = YES_ERROR;
				GCC_WARN_UNDECLARED_SELECTOR = YES;
				GCC_WARN_UNINITIALIZED_AUTOS = YES_AGGRESSIVE;
				GCC_WARN_UNUSED_FUNCTION = YES;
				GCC_WARN_UNUSED_VARIABLE = YES;
				MACOSX_DEPLOYMENT_TARGET = 11.0;
				MTL_ENABLE_DEBUG_INFO = NO;
				MTL_FAST_MATH = YES;
				SDKROOT = macosx;
				SWIFT_COMPILATION_MODE = wholemodule;
				SWIFT_OPTIMIZATION_LEVEL = "-O";
			};
			name = Release;
		};
		D998B75725BDD5B800207410 /* Debug */ = {
			isa = XCBuildConfiguration;
			buildSettings = {
				ASSETCATALOG_COMPILER_APPICON_NAME = AppIcon;
				ASSETCATALOG_COMPILER_GLOBAL_ACCENT_COLOR_NAME = AccentColor;
				CODE_SIGN_ENTITLEMENTS = Stats/Stats.entitlements;
				CODE_SIGN_IDENTITY = "Apple Development";
				"CODE_SIGN_IDENTITY[sdk=macosx*]" = "-";
				CODE_SIGN_STYLE = Manual;
				COMBINE_HIDPI_IMAGES = YES;
				DEAD_CODE_STRIPPING = YES;
				DEVELOPMENT_ASSET_PATHS = "\"Stats/Preview Content\"";
				DEVELOPMENT_TEAM = "";
				"DEVELOPMENT_TEAM[sdk=macosx*]" = R76R7NWC75;
				ENABLE_HARDENED_RUNTIME = YES;
				ENABLE_PREVIEWS = YES;
				INFOPLIST_FILE = Stats/Info.plist;
				LD_RUNPATH_SEARCH_PATHS = (
					"$(inherited)",
					"@executable_path/../Frameworks",
				);
				MACOSX_DEPLOYMENT_TARGET = 13.0;
				PRODUCT_BUNDLE_IDENTIFIER = com.osomo.Stats;
				PRODUCT_NAME = "$(TARGET_NAME)";
				PROVISIONING_PROFILE_SPECIFIER = "";
				"PROVISIONING_PROFILE_SPECIFIER[sdk=macosx*]" = "";
				SWIFT_VERSION = 5.0;
			};
			name = Debug;
		};
		D998B75825BDD5B800207410 /* Release */ = {
			isa = XCBuildConfiguration;
			buildSettings = {
				ASSETCATALOG_COMPILER_APPICON_NAME = AppIcon;
				ASSETCATALOG_COMPILER_GLOBAL_ACCENT_COLOR_NAME = AccentColor;
				CODE_SIGN_ENTITLEMENTS = Stats/Stats.entitlements;
				CODE_SIGN_IDENTITY = "Apple Development";
				"CODE_SIGN_IDENTITY[sdk=macosx*]" = "Apple Development";
				CODE_SIGN_STYLE = Manual;
				COMBINE_HIDPI_IMAGES = YES;
				DEAD_CODE_STRIPPING = YES;
				DEVELOPMENT_ASSET_PATHS = "\"Stats/Preview Content\"";
				DEVELOPMENT_TEAM = "";
				"DEVELOPMENT_TEAM[sdk=macosx*]" = R76R7NWC75;
				ENABLE_HARDENED_RUNTIME = YES;
				ENABLE_PREVIEWS = YES;
				INFOPLIST_FILE = Stats/Info.plist;
				LD_RUNPATH_SEARCH_PATHS = (
					"$(inherited)",
					"@executable_path/../Frameworks",
				);
				MACOSX_DEPLOYMENT_TARGET = 13.0;
				PRODUCT_BUNDLE_IDENTIFIER = com.osomo.Stats;
				PRODUCT_NAME = "$(TARGET_NAME)";
				PROVISIONING_PROFILE_SPECIFIER = "";
				"PROVISIONING_PROFILE_SPECIFIER[sdk=macosx*]" = "";
				SWIFT_VERSION = 5.0;
			};
			name = Release;
		};
/* End XCBuildConfiguration section */

/* Begin XCConfigurationList section */
		D92F169225E2BE0E0022087D /* Build configuration list for PBXNativeTarget "StatsTool" */ = {
			isa = XCConfigurationList;
			buildConfigurations = (
				D92F169025E2BE0E0022087D /* Debug */,
				D92F169125E2BE0E0022087D /* Release */,
			);
			defaultConfigurationIsVisible = 0;
			defaultConfigurationName = Release;
		};
		D998B74125BDD5B700207410 /* Build configuration list for PBXProject "Stats" */ = {
			isa = XCConfigurationList;
			buildConfigurations = (
				D998B75425BDD5B800207410 /* Debug */,
				D998B75525BDD5B800207410 /* Release */,
			);
			defaultConfigurationIsVisible = 0;
			defaultConfigurationName = Release;
		};
		D998B75625BDD5B800207410 /* Build configuration list for PBXNativeTarget "Stats" */ = {
			isa = XCConfigurationList;
			buildConfigurations = (
				D998B75725BDD5B800207410 /* Debug */,
				D998B75825BDD5B800207410 /* Release */,
			);
			defaultConfigurationIsVisible = 0;
			defaultConfigurationName = Release;
		};
/* End XCConfigurationList section */
	};
	rootObject = D998B73E25BDD5B700207410 /* Project object */;
}
